version = 1
revision = 3
requires-python = "==3.10.*"

[[package]]
name = "annotated-types"
version = "0.8.0"
source = { registry = "https://pypi.org/simple" }
sdist = { url = "https://files.pythonhosted.org/packages/5f/56/a8120250d128bed162cd73c76d45f6ef9991f3e068f62a8ee060afa3104a/annotated_types-0.8.0.tar.gz", hash = "sha256:13b2beaad985e05e2d6407ee4c4f35590b11f8d693a258a561055cac8f64cab7", size = 15893, upload-time = "2026-07-23T20:16:13.995Z" }
wheels = [
    { url = "https://files.pythonhosted.org/packages/99/91/8acff4f5e50511b911bbccb72b8628a49c68ce14148cd9f6431094859a90/annotated_types-0.8.0-py3-none-any.whl", hash = "sha256:f072f4d804ea359e4eaf198b1af7a8b0943881a87f31bb764f8bf219bb9419e0", size = 13427, upload-time = "2026-07-23T20:16:12.938Z" },
]

[[package]]
name = "colorama"
version = "0.4.6"
source = { registry = "https://pypi.org/simple" }
sdist = { url = "https://files.pythonhosted.org/packages/d8/53/6f443c9a4a8358a93a6792e2acffb9d9d5cb0a5cfd8802644b7b1c9a02e4/colorama-0.4.6.tar.gz", hash = "sha256:08695f5cb7ed6e0531a20572697297273c47b8cae5a63ffc6d6ed5c201be6e44", size = 27697, upload-time = "2022-10-25T02:36:22.414Z" }
wheels = [
    { url = "https://files.pythonhosted.org/packages/d1/d6/3965ed04c63042e047cb6a3e6ed1a63a35087b6a609aa3a15ed8ac56c221/colorama-0.4.6-py2.py3-none-any.whl", hash = "sha256:4f1d9991f5acc0ca119f9d443620b77f9d6b33703e51011c16baf57afb285fc6", size = 25335, upload-time = "2022-10-25T02:36:20.889Z" },
]

[[package]]
name = "euishell"
version = "0.1.0"
source = { editable = "." }
dependencies = [
    { name = "pydantic" },
    { name = "pyside6" },
    { name = "typing-extensions" },
]

[package.optional-dependencies]
dev = [
    { name = "pyright" },
    { name = "pytest" },
    { name = "pytest-qt" },
    { name = "ruff" },
]

[package.metadata]
requires-dist = [
    { name = "pydantic", specifier = "~=2.10" },
    { name = "pyright", marker = "extra == 'dev'", specifier = ">=1.1.390" },
    { name = "pyside6", specifier = "~=6.9.2" },
    { name = "pytest", marker = "extra == 'dev'", specifier = ">=8.0" },
    { name = "pytest-qt", marker = "extra == 'dev'", specifier = ">=4.4,<5" },
    { name = "ruff", marker = "extra == 'dev'", specifier = ">=0.6" },
    { name = "typing-extensions", specifier = "~=4.12" },
]
provides-extras = ["dev"]

[[package]]
name = "exceptiongroup"
version = "1.3.1"
source = { registry = "https://pypi.org/simple" }
dependencies = [
    { name = "typing-extensions" },
]
sdist = { url = "https://files.pythonhosted.org/packages/50/79/66800aadf48771f6b62f7eb014e352e5d06856655206165d775e675a02c9/exceptiongroup-1.3.1.tar.gz", hash = "sha256:8b412432c6055b0b7d14c310000ae93352ed6754f70fa8f7c34141f91c4e3219", size = 30371, upload-time = "2025-11-21T23:01:54.787Z" }
wheels = [
    { url = "https://files.pythonhosted.org/packages/8a/0e/97c33bf5009bdbac74fd2beace167cab3f978feb69cc36f1ef79360d6c4e/exceptiongroup-1.3.1-py3-none-any.whl", hash = "sha256:a7a39a3bd276781e98394987d3a5701d0c4edffb633bb7a5144577f82c773598", size = 16740, upload-time = "2025-11-21T23:01:53.443Z" },
]

[[package]]
name = "iniconfig"
version = "2.3.0"
source = { registry = "https://pypi.org/simple" }
sdist = { url = "https://files.pythonhosted.org/packages/72/34/14ca021ce8e5dfedc35312d08ba8bf51fdd999c576889fc2c24cb97f4f10/iniconfig-2.3.0.tar.gz", hash = "sha256:c76315c77db068650d49c5b56314774a7804df16fee4402c1f19d6d15d8c4730", size = 20503, upload-time = "2025-10-18T21:55:43.219Z" }
wheels = [
    { url = "https://files.pythonhosted.org/packages/cb/b1/3846dd7f199d53cb17f49cba7e651e9ce294d8497c8c150530ed11865bb8/iniconfig-2.3.0-py3-none-any.whl", hash = "sha256:f631c04d2c48c52b84d0d0549c99ff3859c98df65b3101406327ecc7d53fbf12", size = 7484, upload-time = "2025-10-18T21:55:41.639Z" },
]

[[package]]
name = "nodeenv"
version = "1.10.0"
source = { registry = "https://pypi.org/simple" }
sdist = { url = "https://files.pythonhosted.org/packages/24/bf/d1bda4f6168e0b2e9e5958945e01910052158313224ada5ce1fb2e1113b8/nodeenv-1.10.0.tar.gz", hash = "sha256:996c191ad80897d076bdfba80a41994c2b47c68e224c542b48feba42ba00f8bb", size = 55611, upload-time = "2025-12-20T14:08:54.006Z" }
wheels = [
    { url = "https://files.pythonhosted.org/packages/88/b2/d0896bdcdc8d28a7fc5717c305f1a861c26e18c05047949fb371034d98bd/nodeenv-1.10.0-py2.py3-none-any.whl", hash = "sha256:5bb13e3eed2923615535339b3c620e76779af4cb4c6a90deccc9e36b274d3827", size = 23438, upload-time = "2025-12-20T14:08:52.782Z" },
]

[[package]]
name = "packaging"
version = "26.3"
source = { registry = "https://pypi.org/simple" }
sdist = { url = "https://files.pythonhosted.org/packages/7d/fa/3944b40b07da9ce895c0e6303a5ab7d53da063554f534556b134a54d6093/packaging-26.3.tar.gz", hash = "sha256:94edc256424af38762eb31306eed28beb9f0efc50a8837492c9d6fd6004aed79", size = 313412, upload-time = "2026-08-04T18:15:28.737Z" }
wheels = [
    { url = "https://files.pythonhosted.org/packages/63/34/ba1c580383c9eada3711951fef0795c80b829a078d72188184bcab9dd527/packaging-26.3-py3-none-any.whl", hash = "sha256:d7193f7c8e4e93f444fde0262bf90af30e16fa0ad0ad44cb553c87339b23cd1c", size = 129956, upload-time = "2026-08-04T18:15:27.159Z" },
]

[[package]]
name = "pluggy"
version = "1.6.0"
source = { registry = "https://pypi.org/simple" }
sdist = { url = "https://files.pythonhosted.org/packages/f9/e2/3e91f31a7d2b083fe6ef3fa267035b518369d9511ffab804f839851d2779/pluggy-1.6.0.tar.gz", hash = "sha256:7dcc130b76258d33b90f61b658791dede3486c3e6bfb003ee5c9bfb396dd22f3", size = 69412, upload-time = "2025-05-15T12:30:07.975Z" }
wheels = [
    { url = "https://files.pythonhosted.org/packages/54/20/4d324d65cc6d9205fabedc306948156824eb9f0ee1633355a8f7ec5c66bf/pluggy-1.6.0-py3-none-any.whl", hash = "sha256:e920276dd6813095e9377c0bc5566d94c932c33b27a3e3945d8389c374dd4746", size = 20538, upload-time = "2025-05-15T12:30:06.134Z" },
]

[[package]]
name = "pydantic"
version = "2.13.5"
source = { registry = "https://pypi.org/simple" }
dependencies = [
    { name = "annotated-types" },
    { name = "pydantic-core" },
    { name = "typing-extensions" },
    { name = "typing-inspection" },
]
sdist = { url = "https://files.pythonhosted.org/packages/53/ef/fc4f868f4e2cee79f863883abffceff107875f569b848507319842d2a681/pydantic-2.13.5.tar.gz", hash = "sha256:51a9c5f7b2f8e636f04c6cada605d9b6a3bf1348fdf945a3d8869b19bba0ee08", size = 845750, upload-time = "2026-08-28T14:04:00.916Z" }
wheels = [
    { url = "https://files.pythonhosted.org/packages/eb/47/c95ffc2009878c7aac0c5e08528022dcb885933252a88b5f170058014464/pydantic-2.13.5-py3-none-any.whl", hash = "sha256:346a034f080da3755d8e9cb5e00e8b07de1d39e4f6e2c87d8ab7cafa0b269a73", size = 472589, upload-time = "2026-08-28T14:03:59.136Z" },
]

[[package]]
name = "pydantic-core"
version = "2.46.5"
source = { registry = "https://pypi.org/simple" }
dependencies = [
    { name = "typing-extensions" },
]
sdist = { url = "https://files.pythonhosted.org/packages/af/f9/8a06bea35ef8daf588f707784c973a7046e0034c8d8cfb08828eeffb8b75/pydantic_core-2.46.5.tar.gz", hash = "sha256:10416c15b8839ecc4ef4d0885da76da6fd0f67333a0eb8aff6d93c4b8f2910fc", size = 472262, upload-time = "2026-08-28T10:01:31.677Z" }
wheels = [
    { url = "https://files.pythonhosted.org/packages/74/6b/8f79692844269427abb3e4dd9e68edfcbe65ae25527d99183214de716c59/pydantic_core-2.46.5-cp310-cp310-macosx_10_12_x86_64.whl", hash = "sha256:657b40d6240c0a7b6a64b30f22d1e3aa631c7e846c621b0c0f6d1d75e2e15ea6", size = 2076533, upload-time = "2026-08-28T09:57:35.421Z" },
    { url = "https://files.pythonhosted.org/packages/bd/d0/c787604c71c2bdcda1a5656942fc822cd0f9cd879b9484bb84fc42172703/pydantic_core-2.46.5-cp310-cp310-macosx_11_0_arm64.whl", hash = "sha256:ecb42011e12ee19cafbc312887cbf3546959fe02fbad44f272d4be5baa997615", size = 1924650, upload-time = "2026-08-28T09:57:37.944Z" },
    { url = "https://files.pythonhosted.org/packages/4a/77/ca2f8e997d9bfdb32205297aff38f210f398822d895b1af1b59fd9df9c13/pydantic_core-2.46.5-cp310-cp310-manylinux_2_17_aarch64.manylinux2014_aarch64.whl", hash = "sha256:4dedce55295becb61921e386b99d4f2706045306e7fa52249a33004c837379fb", size = 1951261, upload-time = "2026-08-28T09:57:39.339Z" },
    { url = "https://files.pythonhosted.org/packages/a0/53/bd12e1a9255df4edee00353778e2614b5346265d51e1567ab72153e803a2/pydantic_core-2.46.5-cp310-cp310-manylinux_2_17_armv7l.manylinux2014_armv7l.whl", hash = "sha256:9f47b8a949e60f027f0aa0a6f6c7b7e9c55cbf4380d10b344e282fa4e7ab1e1b", size = 2021808, upload-time = "2026-08-28T09:57:40.69Z" },
    { url = "https://files.pythonhosted.org/packages/d7/41/f7f312751ebc6d6767da91964a9c7954c18e226a1720ab234e3dfb9d6c17/pydantic_core-2.46.5-cp310-cp310-manylinux_2_17_ppc64le.manylinux2014_ppc64le.whl", hash = "sha256:200aa3dc9f8d54f0754f43247c0bad0999fdcfbfd2488384dd44f37279271fe6", size = 2196184, upload-time = "2026-08-28T09:57:42.275Z" },
    { url = "https://files.pythonhosted.org/packages/3d/93/ce93aa030ab6bac4683ba8861e7baad89dd24b02e66b8801a0e4f6a00311/pydantic_core-2.46.5-cp310-cp310-manylinux_2_17_s390x.manylinux2014_s390x.whl", hash = "sha256:6d30e1a4f138b8951063e9a394752a9179b51da288ffa507b1e659222f4c1793", size = 2238212, upload-time = "2026-08-28T09:57:44.122Z" },
    { url = "https://files.pythonhosted.org/packages/34/a1/c8e6b66f499f510752c07a092dfe27621f9c255635e59d38704b5681c35a/pydantic_core-2.46.5-cp310-cp310-manylinux_2_17_x86_64.manylinux2014_x86_64.whl", hash = "sha256:850a08d167dde16db8702c274f320c7be9d7da6f6dff2b58b18f9e815bd94f5b", size = 2064073, upload-time = "2026-08-28T09:57:45.613Z" },
    { url = "https://files.pythonhosted.org/packages/5c/fa/605e2b127ee30dbf4b1da9da4843587cf2b2d16486c241cc7a5be2d2c1bd/pydantic_core-2.46.5-cp310-cp310-manylinux_2_31_riscv64.whl", hash = "sha256:c3471e5c4a949c26ec00a77f01df59096aa9495877de76fd60a980f8ee6be461", size = 2093102, upload-time = "2026-08-28T09:57:46.953Z" },
    { url = "https://files.pythonhosted.org/packages/4a/f7/1ab28093c09032ddce7c92c7a55d503b6ecd70f42c32492946c1cb5477b1/pydantic_core-2.46.5-cp310-cp310-manylinux_2_5_i686.manylinux1_i686.whl", hash = "sha256:3a3e26b6a8274211bddee2d0e4d0d42778f17a34510f49d2ec44b58abfc41736", size = 2133452, upload-time = "2026-08-28T09:57:48.362Z" },
    { url = "https://files.pythonhosted.org/packages/30/c8/47c79b756f12f85e8b0fbdb2b495f6b6eb32e6c98a4beae7a570a0b7c63c/pydantic_core-2.46.5-cp310-cp310-musllinux_1_1_aarch64.whl", hash = "sha256:fc5d783bd4a2387e97b8a2d5ec781cfb92b3d893bf82370548e99db5915935d3", size = 2146477, upload-time = "2026-08-28T09:57:49.74Z" },
    { url = "https://files.pythonhosted.org/packages/13/5c/79fc00cb8f651d6061991de8d7cedf1c78c73cbd4862c42ef418f03b8bfa/pydantic_core-2.46.5-cp310-cp310-musllinux_1_1_armv7l.whl", hash = "sha256:356c8368cbc321050b169595683a2e1d63413b1e0e2868b330af9fc14c616d3f", size = 2300832, upload-time = "2026-08-28T09:57:51.639Z" },
    { url = "https://files.pythonhosted.org/packages/b4/72/dd1a29853cf6d22a1ebd9e3baf0239cbc57d2d16caff36a89e38eb9b1db3/pydantic_core-2.46.5-cp310-cp310-musllinux_1_1_x86_64.whl", hash = "sha256:eb7d8d0e5886a89a55d2eef490e272fa965a9d57c6b29a5b5088a7997ec2cad1", size = 2320505, upload-time = "2026-08-28T09:57:53.236Z" },
    { url = "https://files.pythonhosted.org/packages/ec/d1/ba4a8e06a9ddad0b4caf69cfaeecc0fbfcec20473bd808f5127fd16491c4/pydantic_core-2.46.5-cp310-cp310-win32.whl", hash = "sha256:4d44cf99ddebf875f9b68cc267aa684c99b7b44fe63ee1cac4ec163807290069", size = 1956853, upload-time = "2026-08-28T09:57:54.592Z" },
    { url = "https://files.pythonhosted.org/packages/f2/94/205ed9d7ddaf44acd489889708ea124a3f41bdb42c141c8684d528ad0e7a/pydantic_core-2.46.5-cp310-cp310-win_amd64.whl", hash = "sha256:1e5aad1220a1192c42341c8fd4a8686657e73ab2a920c970bdc4de334fe3193d", size = 2042551, upload-time = "2026-08-28T09:57:56.017Z" },
]

[[package]]
name = "pygments"
version = "2.21.0"
source = { registry = "https://pypi.org/simple" }
sdist = { url = "https://files.pythonhosted.org/packages/49/2e/ced460408999b33da6b31b0021b0f37d329e202d4169aeb164493778f25b/pygments-2.21.0.tar.gz", hash = "sha256:610ca751c9bc2492b38eb9a38a7fbc93edbbb2d7182edaf34e66ae493dee5c8c", size = 5005329, upload-time = "2026-08-17T08:02:48.824Z" }
wheels = [
    { url = "https://files.pythonhosted.org/packages/71/46/17f022dd3e953bf20a04a028a21ec746d942f8d2af30fa0f124fa0e6a684/pygments-2.21.0-py3-none-any.whl", hash = "sha256:2363c69b61c4a97c838da3b130dcd6468f4848992b21a82f2a63ec34377137d9", size = 1250147, upload-time = "2026-08-17T08:02:44.912Z" },
]

[[package]]
name = "pyright"
version = "1.1.411"
source = { registry = "https://pypi.org/simple" }
dependencies = [
    { name = "nodeenv" },
    { name = "typing-extensions" },
]
sdist = { url = "https://files.pythonhosted.org/packages/7e/ab/265f7dc69d28113ebba19092e57b075f41543b2ed048429c5f56e2b88eac/pyright-1.1.411.tar.gz", hash = "sha256:d885a0551f2e763b089a02702174e7f4ba77548cddabc972ab86d1f7f1b0f998", size = 4112861, upload-time = "2026-06-25T02:14:06.37Z" }
wheels = [
    { url = "https://files.pythonhosted.org/packages/0a/49/385be530a6a5b78d1cbcd5c2e38debc8959a2fc6bdb716f4e581002979fc/pyright-1.1.411-py3-none-any.whl", hash = "sha256:dc7c72a8e2700c55baa127554040e067041ea53ccfd50bf96308cc4291c7d5d9", size = 6181526, upload-time = "2026-06-25T02:14:04.691Z" },
]

[[package]]
name = "pyside6"
version = "6.9.3"
source = { registry = "https://pypi.org/simple" }
dependencies = [
    { name = "pyside6-addons" },
    { name = "pyside6-essentials" },
    { name = "shiboken6" },
]
wheels = [
    { url = "https://files.pythonhosted.org/packages/fe/15/1fa71e44d3b345b9eca82d38cf7e6d7505168b978fe98b3610c0e25d8c0e/pyside6-6.9.3-cp39-abi3-macosx_12_0_universal2.whl", hash = "sha256:6fd9fbbc14e2a5707df611bfacbf3f71283c637b8a29b28708801eeb28bfcb69", size = 554720, upload-time = "2025-09-30T12:02:07.235Z" },
    { url = "https://files.pythonhosted.org/packages/34/0e/1e9841cc46196c55ac3eac0b8e08044a88cc70c8cc29e9dc1e33b2ced2b7/pyside6-6.9.3-cp39-abi3-manylinux_2_28_x86_64.whl", hash = "sha256:6485aebec8eba4e55d1ec1cebe68ca1413589880cc8ccd8a49acae852ec6cfb3", size = 554849, upload-time = "2025-09-30T12:02:08.909Z" },
    { url = "https://files.pythonhosted.org/packages/3d/6b/6aeb7124a5c08ac537776d7d0be1011cf22ccfc6f95cf901fe1eb1a16e91/pyside6-6.9.3-cp39-abi3-manylinux_2_39_aarch64.whl", hash = "sha256:8f4ff61b24a64153373b68a96339bd765fc010d02c4d98d0f6dba2a6c9686e11", size = 554846, upload-time = "2025-09-30T12:02:10.762Z" },
    { url = "https://files.pythonhosted.org/packages/6e/29/4eb0ab29ee7d60da4c5fefdb514c22ae3c91c3f855f46608cfbe23816518/pyside6-6.9.3-cp39-abi3-win_amd64.whl", hash = "sha256:71b41b9ebd1c044c3777f2b32278d3919f07bda4f15c504bc165b643bc3cec01", size = 561082, upload-time = "2025-09-30T12:02:12.411Z" },
    { url = "https://files.pythonhosted.org/packages/3f/c2/b936d50974a14846ccb883cbce0034ec431e1013af7f2aa29d3746a1565f/pyside6-6.9.3-cp39-abi3-win_arm64.whl", hash = "sha256:33fb70addd02e1adaa45573485c431bca43cf12bb7b2596535b824ff169138ce", size = 545910, upload-time = "2025-09-30T12:02:13.746Z" },
]

[[package]]
name = "pyside6-addons"
version = "6.9.3"
source = { registry = "https://pypi.org/simple" }
dependencies = [
    { name = "pyside6-essentials" },
    { name = "shiboken6" },
]
wheels = [
    { url = "https://files.pythonhosted.org/packages/23/56/714c55e4514ec6603be8126355baf416e507557a73e7fc76870e6f5c20b9/pyside6_addons-6.9.3-cp39-abi3-macosx_12_0_universal2.whl", hash = "sha256:189c9a9a2fdaffa95e91731f5c0afdc47ba231f5f683d3f8977b22c233749ba4", size = 316906068, upload-time = "2025-09-30T12:03:28.268Z" },
    { url = "https://files.pythonhosted.org/packages/17/fe/d5c67665f866b8859d02aa1a859f101a1b2fd348cb61746a3e16fd98fb20/pyside6_addons-6.9.3-cp39-abi3-manylinux_2_28_x86_64.whl", hash = "sha256:68932327e1c33d729d79b2b94242f97b77601efe0427e757cd3fd588939ea479", size = 167175405, upload-time = "2025-09-30T12:04:11.793Z" },
    { url = "https://files.pythonhosted.org/packages/66/f2/66da0d8ba8e4eb934d2bb042f2199664d2366c121844e36376f724b53fd9/pyside6_addons-6.9.3-cp39-abi3-manylinux_2_39_aarch64.whl", hash = "sha256:61f4f4859bd1711eea2202fe364a701597140ed4f3900ddf1f90d91ae631fdf9", size = 163102125, upload-time = "2025-09-30T12:04:55.193Z" },
    { url = "https://files.pythonhosted.org/packages/d7/fb/849599666942ce35e9f250bce1abc7b1248eccdcbe8b3fe697a0f98a1326/pyside6_addons-6.9.3-cp39-abi3-win_amd64.whl", hash = "sha256:0aece2a81ccf16ef9b750b09601b6876aa116bbc700e848ce82df42906f04c5c", size = 160681555, upload-time = "2025-09-30T12:05:36.44Z" },
    { url = "https://files.pythonhosted.org/packages/b1/2d/e71face0149519d6ded4e77b5c5e266c094ce5ef8c5c96c2af2f0afadf3c/pyside6_addons-6.9.3-cp39-abi3-win_arm64.whl", hash = "sha256:3b8749c9c2b297f53c980192e89ce38ac59019f290a2669fe1abb3128f9a09d9", size = 33759045, upload-time = "2025-09-30T12:05:48.373Z" },
]

[[package]]
name = "pyside6-essentials"
version = "6.9.3"
source = { registry = "https://pypi.org/simple" }
dependencies = [
    { name = "shiboken6" },
]
wheels = [
    { url = "https://files.pythonhosted.org/packages/80/a9/51549844900837c70e5c89cbd840956c2533732ef4f05c2b656e35ca8182/pyside6_essentials-6.9.3-cp39-abi3-macosx_12_0_universal2.whl", hash = "sha256:ad3664ff0ced9f92ed7872e512c86328894d29f262e6c3400400232a36dda357", size = 134586559, upload-time = "2025-09-30T12:06:22.681Z" },
    { url = "https://files.pythonhosted.org/packages/85/e8/9396cf11a60f80175bb3c5c1d498d84e87b7af653ab4ea001acf821a3981/pyside6_essentials-6.9.3-cp39-abi3-manylinux_2_28_x86_64.whl", hash = "sha256:c70d5544e892b201a677b615156fab6a0fef865e7fc287f55a0eae00a682e83f", size = 97495307, upload-time = "2025-09-30T12:06:49.213Z" },
    { url = "https://files.pythonhosted.org/packages/57/a5/0187b2845a6fa534217988f9351c0b85ba1c04e8fd31f1e3c13ba1c4386e/pyside6_essentials-6.9.3-cp39-abi3-manylinux_2_39_aarch64.whl", hash = "sha256:e22e517c592657e291c0cbe7d04078ab415cb225188d7e895f8f7adcdba755d2", size = 95199568, upload-time = "2025-09-30T12:07:13.726Z" },
    { url = "https://files.pythonhosted.org/packages/a0/52/b558c79bc32310361a37d1e894c2251a3557daec380be5f6d2a9223e8ef3/pyside6_essentials-6.9.3-cp39-abi3-win_amd64.whl", hash = "sha256:21f98077c135864473089e59a6a0bd828e64c6644b3dd7267b102da4a2ee8f21", size = 73593457, upload-time = "2025-09-30T12:07:33.98Z" },
    { url = "https://files.pythonhosted.org/packages/d2/22/4ec828f6360e6e9bcd6fde2dec20fa4865fe1a77cb6bac6812f7d0aa55b3/pyside6_essentials-6.9.3-cp39-abi3-win_arm64.whl", hash = "sha256:2e34081933e005686d79265cc04370a28fea3844ab63d432e493adcd4465070c", size = 54301788, upload-time = "2025-09-30T12:07:49.504Z" },
]

[[package]]
name = "pytest"
version = "9.1.1"
source = { registry = "https://pypi.org/simple" }
dependencies = [
    { name = "colorama", marker = "sys_platform == 'win32'" },
    { name = "exceptiongroup" },
    { name = "iniconfig" },
    { name = "packaging" },
    { name = "pluggy" },
    { name = "pygments" },
    { name = "tomli" },
]
sdist = { url = "https://files.pythonhosted.org/packages/e4/47/b9efed96c114afcfa3c9d3fe98a76a1d14c74a9e266d397cf6eb64be5e01/pytest-9.1.1.tar.gz", hash = "sha256:1088fbde8f2b49d95a549a195707afa7a76a3ce9bcadc26b6d71f0ffda5fe313", size = 1636369, upload-time = "2026-06-19T10:58:32.857Z" }
wheels = [
    { url = "https://files.pythonhosted.org/packages/24/25/1de2678b631f5a49215c6c96fff41ba892b0a34df68d6d80292b1b48aa7f/pytest-9.1.1-py3-none-any.whl", hash = "sha256:37a86b45efb9a47a61a36449063e8e18d0cab3161329fc099eb21783169c4f0c", size = 386536, upload-time = "2026-06-19T10:58:31.347Z" },
]

[[package]]
name = "pytest-qt"
version = "4.5.0"
source = { registry = "https://pypi.org/simple" }
dependencies = [
    { name = "pluggy" },
    { name = "pytest" },
    { name = "typing-extensions" },
]
sdist = { url = "https://files.pythonhosted.org/packages/d3/61/8bdec02663c18bf5016709b909411dce04a868710477dc9b9844ffcf8dd2/pytest_qt-4.5.0.tar.gz", hash = "sha256:51620e01c488f065d2036425cbc1cbcf8a6972295105fd285321eb47e66a319f", size = 128702, upload-time = "2025-07-01T17:24:39.889Z" }
wheels = [
    { url = "https://files.pythonhosted.org/packages/cc/d0/8339b888ad64a3d4e508fed8245a402b503846e1972c10ad60955883dcbb/pytest_qt-4.5.0-py3-none-any.whl", hash = "sha256:ed21ea9b861247f7d18090a26bfbda8fb51d7a8a7b6f776157426ff2ccf26eff", size = 37214, upload-time = "2025-07-01T17:24:38.226Z" },
]

[[package]]
name = "ruff"
version = "0.16.6"
source = { registry = "https://pypi.org/simple" }
sdist = { url = "https://files.pythonhosted.org/packages/a4/7c/6adb35d70e7c027e308274557901c7e00fb3407750faf3620c184ae058cb/ruff-0.16.6.tar.gz", hash = "sha256:dcf8a73d2ff77e99dde91244b4da16feba7f14e6beeb4015dee7c5a909e99050", size = 4921251, upload-time = "2026-09-03T16:57:29.037Z" }
wheels = [
    { url = "https://files.pythonhosted.org/packages/a4/28/9cc1b79639e284ec103f43c88c644db4eb58cbd0ea1ca11f1193435369ac/ruff-0.16.6-py3-none-linux_armv6l.whl", hash = "sha256:61c368c26bf8e973e5ab14a2772de587bc068ea3f9a277f673380749b4898fb8", size = 10015638, upload-time = "2026-09-03T16:56:40.986Z" },
    { url = "https://files.pythonhosted.org/packages/71/11/627d342ef727ea7794edf74fe23d60a074b02c3acc2e9436684e782286ca/ruff-0.16.6-py3-none-macosx_10_12_x86_64.whl", hash = "sha256:ecf4f068e2e123e43a26e9db4e19524cc56563912404e83bbfca375757e45a32", size = 10220762, upload-time = "2026-09-03T16:56:44.681Z" },
    { url = "https://files.pythonhosted.org/packages/43/d9/b75668ce41e4c8d073d18d6d08672ba6906ce45d5c06ea4fdb2e84ce3853/ruff-0.16.6-py3-none-macosx_11_0_arm64.whl", hash = "sha256:99b62ea33baf130f50368798d841f0d95527b6d817bf31817b65dd058f1d314c", size = 9835082, upload-time = "2026-09-03T16:56:47.142Z" },
    { url = "https://files.pythonhosted.org/packages/99/97/123ab10b05cde889c107c20f5a9774955104b5552796a2a8584b089ae8eb/ruff-0.16.6-py3-none-manylinux_2_17_aarch64.manylinux2014_aarch64.whl", hash = "sha256:7fbf89013f2bb3f6835a6038ff658dc8a1b38c98dc8e724b964168ad4e881876", size = 9949304, upload-time = "2026-09-03T16:56:49.813Z" },
    { url = "https://files.pythonhosted.org/packages/3e/58/a4a2c59dd2e5b85929c912d9cac3056eb9ee8c7e75e9b9fe3e109174966b/ruff-0.16.6-py3-none-manylinux_2_17_armv7l.manylinux2014_armv7l.whl", hash = "sha256:56a67065e22efa6bc4d498299d3bb06c0c90aace8fac2068b5a12f9dc4d8d51d", size = 9840612, upload-time = "2026-09-03T16:56:52.368Z" },
    { url = "https://files.pythonhosted.org/packages/61/6a/ff8c8626a786c4f49d48ced4a752dadbca65f5263005f9c2416578194694/ruff-0.16.6-py3-none-manylinux_2_17_i686.manylinux2014_i686.whl", hash = "sha256:e25cc89174874b176a157e4428d66761c2c0c006654419bf384f967f361ff1b1", size = 10543465, upload-time = "2026-09-03T16:56:55.089Z" },
    { url = "https://files.pythonhosted.org/packages/ad/bb/c47535923365f337b82e28192e4e9eef2176511007cfd99a62fc22df5dad/ruff-0.16.6-py3-none-manylinux_2_17_ppc64le.manylinux2014_ppc64le.whl", hash = "sha256:0700580ed5303723cb3c11c2f1d2a8913ce77b7ea86646dddb887f5417a9ba70", size = 11267576, upload-time = "2026-09-03T16:56:57.791Z" },
    { url = "https://files.pythonhosted.org/packages/ba/50/e5119a5212b5cd63b51e1f4b25e7bd636a6668fc069a3160b108ad7e3c16/ruff-0.16.6-py3-none-manylinux_2_17_s390x.manylinux2014_s390x.whl", hash = "sha256:15f1d0b6e165a6e56567befb6629f8209271311d990bae0f37e6d065035ef5f3", size = 10781993, upload-time = "2026-09-03T16:57:00.666Z" },
    { url = "https://files.pythonhosted.org/packages/8b/98/083d8b4ef3c51a0d19db84367791cbe9f44e4b53343d19dfa83556e1cd9a/ruff-0.16.6-py3-none-manylinux_2_17_x86_64.manylinux2014_x86_64.whl", hash = "sha256:d72c591a96986ee4268860e2b7235082129ca5e4cb9cbba653a4b57c11893757", size = 10317748, upload-time = "2026-09-03T16:57:03.428Z" },
    { url = "https://files.pythonhosted.org/packages/9a/29/68f7ff2c5ad95f19f00627ac2de95644e25fe47371ea60b2db1fd952315e/ruff-0.16.6-py3-none-manylinux_2_31_riscv64.whl", hash = "sha256:65a006baa18f33324325814c864daef03541d51564b98c517610ea756ab7003e", size = 10540096, upload-time = "2026-09-03T16:57:06.182Z" },
    { url = "https://files.pythonhosted.org/packages/c4/f9/79a8f6de85968641d68a7863aeec577551924ef066a990a48ff93167beab/ruff-0.16.6-py3-none-musllinux_1_2_aarch64.whl", hash = "sha256:cd02a7bf1a21a8735228a3e8c95a9dc5cf86bd2a52194f4aaae2a5755b4de0f4", size = 10100494, upload-time = "2026-09-03T16:57:09.194Z" },
    { url = "https://files.pythonhosted.org/packages/d9/e8/b81a22d9b90c00b892ccf2fa2ac36fa95de4c13ab85aea3e73795cfe4651/ruff-0.16.6-py3-none-musllinux_1_2_armv7l.whl", hash = "sha256:31b36f1e5ad85e0737f09d2be4e512e2e283583c14015da3b9dc07359ac0fc88", size = 9843663, upload-time = "2026-09-03T16:57:12.168Z" },
    { url = "https://files.pythonhosted.org/packages/39/aa/54f516ec5e5a11c4afdceb1c454ebb054ffb96e4f4a1705580b4346abd35/ruff-0.16.6-py3-none-musllinux_1_2_i686.whl", hash = "sha256:61029b4ab4aa723fd3064fab96b1d814492596bf0c792679fffcbde1e1679953", size = 10282461, upload-time = "2026-09-03T16:57:15.077Z" },
    { url = "https://files.pythonhosted.org/packages/52/0b/38d0aa8aa32372b96dc44f97b22e576c4147808271aab7b2cb1e353d4445/ruff-0.16.6-py3-none-musllinux_1_2_x86_64.whl", hash = "sha256:9ac8998457832c2061709d900856b7ad271dace0cb41f346588d540162bfa718", size = 10728808, upload-time = "2026-09-03T16:57:17.797Z" },
    { url = "https://files.pythonhosted.org/packages/5e/e5/9e274e24eeb027640ffc7442f21239f16d17f47acec15ae34f32e03a5c79/ruff-0.16.6-py3-none-win32.whl", hash = "sha256:0b87d9d16fcb63e8018423ca1d50b7260f15cb2da33e30db4baad4183a948c25", size = 10049212, upload-time = "2026-09-03T16:57:20.55Z" },
    { url = "https://files.pythonhosted.org/packages/22/31/72472449414223ed1a2da236b992adbb1a2ae59e34794574810f60ce068e/ruff-0.16.6-py3-none-win_amd64.whl", hash = "sha256:10d21c51c3495d8eaea7b703a16592117ea6eb1d649e36335aa965ff1173eb39", size = 10556402, upload-time = "2026-09-03T16:57:23.501Z" },
    { url = "https://files.pythonhosted.org/packages/fc/07/d781f8f8e1ac24bef9f3269cf62ffb1407ca24c3a8f12e5e22874f90528c/ruff-0.16.6-py3-none-win_arm64.whl", hash = "sha256:7a976c79b958f94e50a022a19f0f8c87387448020935ec14fc74331bd0a7f2c5", size = 10412850, upload-time = "2026-09-03T16:57:26.416Z" },
]

[[package]]
name = "shiboken6"
version = "6.9.3"
source = { registry = "https://pypi.org/simple" }
wheels = [
    { url = "https://files.pythonhosted.org/packages/6b/ed/eac552326349629f8c3a89b57a754a860d9665aea78c172777395905d36b/shiboken6-6.9.3-cp39-abi3-macosx_12_0_universal2.whl", hash = "sha256:e9b240828790b8e21a50e66449a5aa8b99f9b8a538c80c1a325fa04f8364985e", size = 400999, upload-time = "2025-09-30T12:00:08.123Z" },
    { url = "https://files.pythonhosted.org/packages/be/82/c1c6932f9849bc5e75c93c38a29419505a6e3e0037261e28f3e7ecbf2751/shiboken6-6.9.3-cp39-abi3-manylinux_2_28_x86_64.whl", hash = "sha256:f3f5337a3a8fc660ba1462265bd9a2bdda9588f8d90fbc3d5ac4ce3134c11e59", size = 204927, upload-time = "2025-09-30T12:00:10.334Z" },
    { url = "https://files.pythonhosted.org/packages/4a/fc/026f4c8660494e513fd8c6d95d4d694d490795c6880f1fd23ec996a83e13/shiboken6-6.9.3-cp39-abi3-manylinux_2_39_aarch64.whl", hash = "sha256:f66e82510e3a3170a42e3ef865329559b69811ce83102ad1ee57920319427c10", size = 200684, upload-time = "2025-09-30T12:00:11.967Z" },
    { url = "https://files.pythonhosted.org/packages/50/be/f6bb3fc89623dd01ac67cd6be357e585ea5081536b275008b6c8d6fa7c28/shiboken6-6.9.3-cp39-abi3-win_amd64.whl", hash = "sha256:f1498176d2d5bcade7d662e1fc5143980fb008b6c78b966289d29a4ae86cd0c6", size = 1166242, upload-time = "2025-09-30T12:00:13.447Z" },
    { url = "https://files.pythonhosted.org/packages/c1/66/097a5f80ed1058071466c8c4fd72f94886851f6e03028f980ef0c42a7b54/shiboken6-6.9.3-cp39-abi3-win_arm64.whl", hash = "sha256:0c87bcfd483a1980794e03cf5ec6b2061691a1b075f92b78edb0d13847139ecf", size = 1727949, upload-time = "2025-09-30T12:00:15.23Z" },
]

[[package]]
name = "tomli"
version = "2.4.1"
source = { registry = "https://pypi.org/simple" }
sdist = { url = "https://files.pythonhosted.org/packages/22/de/48c59722572767841493b26183a0d1cc411d54fd759c5607c4590b6563a6/tomli-2.4.1.tar.gz", hash = "sha256:7c7e1a961a0b2f2472c1ac5b69affa0ae1132c39adcb67aba98568702b9cc23f", size = 17543, upload-time = "2026-03-25T20:22:03.828Z" }
wheels = [
    { url = "https://files.pythonhosted.org/packages/7b/61/cceae43728b7de99d9b847560c262873a1f6c98202171fd5ed62640b494b/tomli-2.4.1-py3-none-any.whl", hash = "sha256:0d85819802132122da43cb86656f8d1f8c6587d54ae7dcaf30e90533028b49fe", size = 14583, upload-time = "2026-03-25T20:22:03.012Z" },
]

[[package]]
name = "typing-extensions"
version = "4.16.0"
source = { registry = "https://pypi.org/simple" }
sdist = { url = "https://files.pythonhosted.org/packages/f6/cc/6253133b5bb138fc3306cebfbda2c520f545d36b5be2c7255cc528bb45d6/typing_extensions-4.16.0.tar.gz", hash = "sha256:dc983d19a509c94dba722ee6abd33940f7c05a89e243c47e907eb4db6f1a43e5", size = 113555, upload-time = "2026-07-02T08:40:05.92Z" }
wheels = [
    { url = "https://files.pythonhosted.org/packages/49/d3/b8441a820a491ddfc024b0b0cf0393375b75ea13866d9c66727e54c2fc80/typing_extensions-4.16.0-py3-none-any.whl", hash = "sha256:481caa481374e813c1b176ada14e97f1f67a4539ce9cfeb3f350d78d6370c2e8", size = 45571, upload-time = "2026-07-02T08:40:04.659Z" },
]

[[package]]
name = "typing-inspection"
version = "0.4.4"
source = { registry = "https://pypi.org/simple" }
dependencies = [
    { name = "typing-extensions" },
]
sdist = { url = "https://files.pythonhosted.org/packages/a3/26/b09b8010994eccc3c09092e6b34058f36a460eea2d4c3e8b910c695975a0/typing_inspection-0.4.4.tar.gz", hash = "sha256:547274fa6b0a561ccf549cc9524b999a578e737d015d8709d021f9d0d13bea47", size = 76928, upload-time = "2026-08-12T12:37:25.997Z" }
wheels = [
    { url = "https://files.pythonhosted.org/packages/67/81/4add07e5172b7ac40d8ed5ff580409a7801a4fe26d529bdd915401dabfbe/typing_inspection-0.4.4-py3-none-any.whl", hash = "sha256:65b8397ba37ccbce054456aaccddfc91e6e3083c92824df348d96ca832f3f147", size = 14750, upload-time = "2026-08-12T12:37:24.648Z" },
]
